// !$*UTF8*$!
{
	archiveVersion = 1;
	classes = {
	};
	objectVersion = 56;
	objects = {

/* Begin PBXBuildFile section */
		0323987429B42C1900C7B341 /* Movie.swift in Sources */ = {isa = PBXBuildFile; fileRef = 0323987229B41F3C00C7B341 /* Movie.swift */; };
		0344C00629B5D0B90011DBC4 /* DetailViewController.swift in Sources */ = {isa = PBXBuildFile; fileRef = 0344C00529B5D0B90011DBC4 /* DetailViewController.swift */; };
		03A29F1029BFDC45007A2711 /* Poster.swift in Sources */ = {isa = PBXBuildFile; fileRef = 03A29F0F29BFDC45007A2711 /* Poster.swift */; };
		03A29F1229BFE0DD007A2711 /* PosterViewController.swift in Sources */ = {isa = PBXBuildFile; fileRef = 03A29F1129BFE0DD007A2711 /* PosterViewController.swift */; };
		03A29F1429BFE13C007A2711 /* PosterDetailViewController.swift in Sources */ = {isa = PBXBuildFile; fileRef = 03A29F1329BFE13C007A2711 /* PosterDetailViewController.swift */; };
		03A29F1629BFE1EF007A2711 /* PosterCell.swift in Sources */ = {isa = PBXBuildFile; fileRef = 03A29F1529BFE1EF007A2711 /* PosterCell.swift */; };
		03AEC99229B43E0B0089ED8A /* MovieCell.swift in Sources */ = {isa = PBXBuildFile; fileRef = 03AEC99129B43E0B0089ED8A /* MovieCell.swift */; };
		03AEC99529B4463F0089ED8A /* Nuke in Frameworks */ = {isa = PBXBuildFile; productRef = 03AEC99429B4463F0089ED8A /* Nuke */; };
		03F803DF29B4188200A11649 /* AppDelegate.swift in Sources */ = {isa = PBXBuildFile; fileRef = 03F803DE29B4188200A11649 /* AppDelegate.swift */; };
		03F803E129B4188200A11649 /* SceneDelegate.swift in Sources */ = {isa = PBXBuildFile; fileRef = 03F803E029B4188200A11649 /* SceneDelegate.swift */; };
		03F803E329B4188200A11649 /* ViewController.swift in Sources */ = {isa = PBXBuildFile; fileRef = 03F803E229B4188200A11649 /* ViewController.swift */; };
		03F803E629B4188200A11649 /* Main.storyboard in Resources */ = {isa = PBXBuildFile; fileRef = 03F803E429B4188200A11649 /* Main.storyboard */; };
		03F803E829B4188300A11649 /* Assets.xcassets in Resources */ = {isa = PBXBuildFile; fileRef = 03F803E729B4188300A11649 /* Assets.xcassets */; };
		03F803EB29B4188300A11649 /* LaunchScreen.storyboard in Resources */ = {isa = PBXBuildFile; fileRef = 03F803E929B4188300A11649 /* LaunchScreen.storyboard */; };
/* End PBXBuildFile section */

/* Begin PBXFileReference section */
		0323987229B41F3C00C7B341 /* Movie.swift */ = {isa = PBXFileReference; lastKnownFileType = sourcecode.swift; path = Movie.swift; sourceTree = "<group>"; };
		0344C00529B5D0B90011DBC4 /* DetailViewController.swift */ = {isa = PBXFileReference; lastKnownFileType = sourcecode.swift; path = DetailViewController.swift; sourceTree = "<group>"; };
		03A29F0F29BFDC45007A2711 /* Poster.swift */ = {isa = PBXFileReference; lastKnownFileType = sourcecode.swift; path = Poster.swift; sourceTree = "<group>"; };
		03A29F1129BFE0DD007A2711 /* PosterViewController.swift */ = {isa = PBXFileReference; lastKnownFileType = sourcecode.swift; path = PosterViewController.swift; sourceTree = "<group>"; };
		03A29F1329BFE13C007A2711 /* PosterDetailViewController.swift */ = {isa = PBXFileReference; lastKnownFileType = sourcecode.swift; path = PosterDetailViewController.swift; sourceTree = "<group>"; };
		03A29F1529BFE1EF007A2711 /* PosterCell.swift */ = {isa = PBXFileReference; lastKnownFileType = sourcecode.swift; path = PosterCell.swift; sourceTree = "<group>"; };
		03AEC99129B43E0B0089ED8A /* MovieCell.swift */ = {isa = PBXFileReference; lastKnownFileType = sourcecode.swift; path = MovieCell.swift; sourceTree = "<group>"; };
		03F803DB29B4188200A11649 /* Flixster.app */ = {isa = PBXFileReference; explicitFileType = wrapper.application; includeInIndex = 0; path = Flixster.app; sourceTree = BUILT_PRODUCTS_DIR; };
		03F803DE29B4188200A11649 /* AppDelegate.swift */ = {isa = PBXFileReference; lastKnownFileType = sourcecode.swift; path = AppDelegate.swift; sourceTree = "<group>"; };
		03F803E029B4188200A11649 /* SceneDelegate.swift */ = {isa = PBXFileReference; lastKnownFileType = sourcecode.swift; path = SceneDelegate.swift; sourceTree = "<group>"; };
		03F803E229B4188200A11649 /* ViewController.swift */ = {isa = PBXFileReference; lastKnownFileType = sourcecode.swift; path = ViewController.swift; sourceTree = "<group>"; };
		03F803E529B4188200A11649 /* Base */ = {isa = PBXFileReference; lastKnownFileType = file.storyboard; name = Base; path = Base.lproj/Main.storyboard; sourceTree = "<group>"; };
		03F803E729B4188300A11649 /* Assets.xcassets */ = {isa = PBXFileReference; lastKnownFileType = folder.assetcatalog; path = Assets.xcassets; sourceTree = "<group>"; };
		03F803EA29B4188300A11649 /* Base */ = {isa = PBXFileReference; lastKnownFileType = file.storyboard; name = Base; path = Base.lproj/LaunchScreen.storyboard; sourceTree = "<group>"; };
		03F803EC29B4188300A11649 /* Info.plist */ = {isa = PBXFileReference; lastKnownFileType = text.plist.xml; path = Info.plist; sourceTree = "<group>"; };
/* End PBXFileReference section */

/* Begin PBXFrameworksBuildPhase section */
		03F803D829B4188200A11649 /* Frameworks */ = {
			isa = PBXFrameworksBuildPhase;
			buildActionMask = 2147483647;
			files = (
				03AEC99529B4463F0089ED8A /* Nuke in Frameworks */,
			);
			runOnlyForDeploymentPostprocessing = 0;
		};
/* End PBXFrameworksBuildPhase section */

/* Begin PBXGroup section */
		0323987129B41F3C00C7B341 /* Models */ = {
			isa = PBXGroup;
			children = (
				0323987229B41F3C00C7B341 /* Movie.swift */,
				03A29F0F29BFDC45007A2711 /* Poster.swift */,
			);
			path = Models;
			sourceTree = "<group>";
		};
		03F803D229B4188200A11649 = {
			isa = PBXGroup;
			children = (
				03F803DD29B4188200A11649 /* Flixster */,
				03F803DC29B4188200A11649 /* Products */,
			);
			sourceTree = "<group>";
		};
		03F803DC29B4188200A11649 /* Products */ = {
			isa = PBXGroup;
			children = (
				03F803DB29B4188200A11649 /* Flixster.app */,
			);
			name = Products;
			sourceTree = "<group>";
		};
		03F803DD29B4188200A11649 /* Flixster */ = {
			isa = PBXGroup;
			children = (
				0323987129B41F3C00C7B341 /* Models */,
				03F803DE29B4188200A11649 /* AppDelegate.swift */,
				03AEC99129B43E0B0089ED8A /* MovieCell.swift */,
				03F803E229B4188200A11649 /* ViewController.swift */,
				0344C00529B5D0B90011DBC4 /* DetailViewController.swift */,
				03A29F1529BFE1EF007A2711 /* PosterCell.swift */,
				03A29F1129BFE0DD007A2711 /* PosterViewController.swift */,
				03A29F1329BFE13C007A2711 /* PosterDetailViewController.swift */,
				03F803E029B4188200A11649 /* SceneDelegate.swift */,
				03F803E429B4188200A11649 /* Main.storyboard */,
				03F803E729B4188300A11649 /* Assets.xcassets */,
				03F803E929B4188300A11649 /* LaunchScreen.storyboard */,
				03F803EC29B4188300A11649 /* Info.plist */,
			);
			path = Flixster;
			sourceTree = "<group>";
		};
/* End PBXGroup section */

/* Begin PBXNativeTarget section */
		03F803DA29B4188200A11649 /* Flixster */ = {
			isa = PBXNativeTarget;
			buildConfigurationList = 03F803EF29B4188300A11649 /* Build configuration list for PBXNativeTarget "Flixster" */;
			buildPhases = (
				03F803D729B4188200A11649 /* Sources */,
				03F803D829B4188200A11649 /* Frameworks */,
				03F803D929B4188200A11649 /* Resources */,
			);
			buildRules = (
			);
			dependencies = (
			);
			name = Flixster;
			packageProductDependencies = (
				03AEC99429B4463F0089ED8A /* Nuke */,
			);
			productName = Flixster;
			productReference = 03F803DB29B4188200A11649 /* Flixster.app */;
			productType = "com.apple.product-type.application";
		};
/* End PBXNativeTarget section */

/* Begin PBXProject section */
		03F803D329B4188200A11649 /* Project object */ = {
			isa = PBXProject;
			attributes = {
				BuildIndependentTargetsInParallel = 1;
				LastSwiftUpdateCheck = 1420;
				LastUpgradeCheck = 1420;
				TargetAttributes = {
					03F803DA29B4188200A11649 = {
						CreatedOnToolsVersion = 14.2;
					};
				};
			};
			buildConfigurationList = 03F803D629B4188200A11649 /* Build configuration list for PBXProject "Flixster" */;
			compatibilityVersion = "Xcode 14.0";
			developmentRegion = en;
			hasScannedForEncodings = 0;
			knownRegions = (
				en,
				Base,
			);
			mainGroup = 03F803D229B4188200A11649;
			packageReferences = (
				03AEC99329B4463F0089ED8A /* XCRemoteSwiftPackageReference "Nuke" */,
			);
			productRefGroup = 03F803DC29B4188200A11649 /* Products */;
			projectDirPath = "";
			projectRoot = "";
			targets = (
				03F803DA29B4188200A11649 /* Flixster */,
			);
		};
/* End PBXProject section */

/* Begin PBXResourcesBuildPhase section */
		03F803D929B4188200A11649 /* Resources */ = {
			isa = PBXResourcesBuildPhase;
			buildActionMask = 2147483647;
			files = (
				03F803EB29B4188300A11649 /* LaunchScreen.storyboard in Resources */,
				03F803E829B4188300A11649 /* Assets.xcassets in Resources */,
				03F803E629B4188200A11649 /* Main.storyboard in Resources */,
			);
			runOnlyForDeploymentPostprocessing = 0;
		};
/* End PBXResourcesBuildPhase section */

/* Begin PBXSourcesBuildPhase section */
		03F803D729B4188200A11649 /* Sources */ = {
			isa = PBXSourcesBuildPhase;
			buildActionMask = 2147483647;
			files = (
				03F803E329B4188200A11649 /* ViewController.swift in Sources */,
				03A29F1229BFE0DD007A2711 /* PosterViewController.swift in Sources */,
				03A29F1429BFE13C007A2711 /* PosterDetailViewController.swift in Sources */,
				03F803DF29B4188200A11649 /* AppDelegate.swift in Sources */,
				0323987429B42C1900C7B341 /* Movie.swift in Sources */,
				0344C00629B5D0B90011DBC4 /* DetailViewController.swift in Sources */,
				03A29F1629BFE1EF007A2711 /* PosterCell.swift in Sources */,
				03A29F1029BFDC45007A2711 /* Poster.swift in Sources */,
				03AEC99229B43E0B0089ED8A /* MovieCell.swift in Sources */,
				03F803E129B4188200A11649 /* SceneDelegate.swift in Sources */,
			);
			runOnlyForDeploymentPostprocessing = 0;
		};
/* End PBXSourcesBuildPhase section */

/* Begin PBXVariantGroup section */
		03F803E429B4188200A11649 /* Main.storyboard */ = {
			isa = PBXVariantGroup;
			children = (
				03F803E529B4188200A11649 /* Base */,
			);
			name = Main.storyboard;
			sourceTree = "<group>";
		};
		03F803E929B4188300A11649 /* LaunchScreen.storyboard */ = {
			isa = PBXVariantGroup;
			children = (
				03F803EA29B4188300A11649 /* Base */,
			);
			name = LaunchScreen.storyboard;
			sourceTree = "<group>";
		};
/* End PBXVariantGroup section */

/* Begin XCBuildConfiguration section */
		03F803ED29B4188300A11649 /* Debug */ = {
			isa = XCBuildConfiguration;
			buildSettings = {
				ALWAYS_SEARCH_USER_PATHS = NO;
				CLANG_ANALYZER_NONNULL = YES;
				CLANG_ANALYZER_NUMBER_OBJECT_CONVERSION = YES_AGGRESSIVE;
				CLANG_CXX_LANGUAGE_STANDARD = "gnu++20";
				CLANG_ENABLE_MODULES = YES;
				CLANG_ENABLE_OBJC_ARC = YES;
				CLANG_ENABLE_OBJC_WEAK = YES;
				CLANG_WARN_BLOCK_CAPTURE_AUTORELEASING = YES;
				CLANG_WARN_BOOL_CONVERSION = YES;
				CLANG_WARN_COMMA = YES;
				CLANG_WARN_CONSTANT_CONVERSION = YES;
				CLANG_WARN_DEPRECATED_OBJC_IMPLEMENTATIONS = YES;
				CLANG_WARN_DIRECT_OBJC_ISA_USAGE = YES_ERROR;
				CLANG_WARN_DOCUMENTATION_COMMENTS = YES;
				CLANG_WARN_EMPTY_BODY = YES;
				CLANG_WARN_ENUM_CONVERSION = YES;
				CLANG_WARN_INFINITE_RECURSION = YES;
				CLANG_WARN_INT_CONVERSION = YES;
				CLANG_WARN_NON_LITERAL_NULL_CONVERSION = YES;
				CLANG_WARN_OBJC_IMPLICIT_RETAIN_SELF = YES;
				CLANG_WARN_OBJC_LITERAL_CONVERSION = YES;
				CLANG_WARN_OBJC_ROOT_CLASS = YES_ERROR;
				CLANG_WARN_QUOTED_INCLUDE_IN_FRAMEWORK_HEADER = YES;
				CLANG_WARN_RANGE_LOOP_ANALYSIS = YES;
				CLANG_WARN_STRICT_PROTOTYPES = YES;
				CLANG_WARN_SUSPICIOUS_MOVE = YES;
				CLANG_WARN_UNGUARDED_AVAILABILITY = YES_AGGRESSIVE;
				CLANG_WARN_UNREACHABLE_CODE = YES;
				CLANG_WARN__DUPLICATE_METHOD_MATCH = YES;
				COPY_PHASE_STRIP = NO;
				DEBUG_INFORMATION_FORMAT = dwarf;
				ENABLE_STRICT_OBJC_MSGSEND = YES;
				ENABLE_TESTABILITY = YES;
				GCC_C_LANGUAGE_STANDARD = gnu11;
				GCC_DYNAMIC_NO_PIC = NO;
				GCC_NO_COMMON_BLOCKS = YES;
				GCC_OPTIMIZATION_LEVEL = 0;
				GCC_PREPROCESSOR_DEFINITIONS = (
					"DEBUG=1",
					"$(inherited)",
				);
				GCC_WARN_64_TO_32_BIT_CONVERSION = YES;
				GCC_WARN_ABOUT_RETURN_TYPE = YES_ERROR;
				GCC_WARN_UNDECLARED_SELECTOR = YES;
				GCC_WARN_UNINITIALIZED_AUTOS = YES_AGGRESSIVE;
				GCC_WARN_UNUSED_FUNCTION = YES;
				GCC_WARN_UNUSED_VARIABLE = YES;
				IPHONEOS_DEPLOYMENT_TARGET = 16.2;
				MTL_ENABLE_DEBUG_INFO = INCLUDE_SOURCE;
				MTL_FAST_MATH = YES;
				ONLY_ACTIVE_ARCH = YES;
				SDKROOT = iphoneos;
				SWIFT_ACTIVE_COMPILATION_CONDITIONS = DEBUG;
				SWIFT_OPTIMIZATION_LEVEL = "-Onone";
			};
			name = Debug;
		};
		03F803EE29B4188300A11649 /* Release */ = {
			isa = XCBuildConfiguration;
			buildSettings = {
				ALWAYS_SEARCH_USER_PATHS = NO;
				CLANG_ANALYZER_NONNULL = YES;
				CLANG_ANALYZER_NUMBER_OBJECT_CONVERSION = YES_AGGRESSIVE;
				CLANG_CXX_LANGUAGE_STANDARD = "gnu++20";
				CLANG_ENABLE_MODULES = YES;
				CLANG_ENABLE_OBJC_ARC = YES;
				CLANG_ENABLE_OBJC_WEAK = YES;
				CLANG_WARN_BLOCK_CAPTURE_AUTORELEASING = YES;
				CLANG_WARN_BOOL_CONVERSION = YES;
				CLANG_WARN_COMMA = YES;
				CLANG_WARN_CONSTANT_CONVERSION = YES;
				CLANG_WARN_DEPRECATED_OBJC_IMPLEMENTATIONS = YES;
				CLANG_WARN_DIRECT_OBJC_ISA_USAGE = YES_ERROR;
				CLANG_WARN_DOCUMENTATION_COMMENTS = YES;
				CLANG_WARN_EMPTY_BODY = YES;
				CLANG_WARN_ENUM_CONVERSION = YES;
				CLANG_WARN_INFINITE_RECURSION = YES;
				CLANG_WARN_INT_CONVERSION = YES;
				CLANG_WARN_NON_LITERAL_NULL_CONVERSION = YES;
				CLANG_WARN_OBJC_IMPLICIT_RETAIN_SELF = YES;
				CLANG_WARN_OBJC_LITERAL_CONVERSION = YES;
				CLANG_WARN_OBJC_ROOT_CLASS = YES_ERROR;
				CLANG_WARN_QUOTED_INCLUDE_IN_FRAMEWORK_HEADER = YES;
				CLANG_WARN_RANGE_LOOP_ANALYSIS = YES;
				CLANG_WARN_STRICT_PROTOTYPES = YES;
				CLANG_WARN_SUSPICIOUS_MOVE = YES;
				CLANG_WARN_UNGUARDED_AVAILABILITY = YES_AGGRESSIVE;
				CLANG_WARN_UNREACHABLE_CODE = YES;
				CLANG_WARN__DUPLICATE_METHOD_MATCH = YES;
				COPY_PHASE_STRIP = NO;
				DEBUG_INFORMATION_FORMAT = "dwarf-with-dsym";
				ENABLE_NS_ASSERTIONS = NO;
				ENABLE_STRICT_OBJC_MSGSEND = YES;
				GCC_C_LANGUAGE_STANDARD = gnu11;
				GCC_NO_COMMON_BLOCKS = YES;
				GCC_WARN_64_TO_32_BIT_CONVERSION = YES;
				GCC_WARN_ABOUT_RETURN_TYPE = YES_ERROR;
				GCC_WARN_UNDECLARED_SELECTOR = YES;
				GCC_WARN_UNINITIALIZED_AUTOS = YES_AGGRESSIVE;
				GCC_WARN_UNUSED_FUNCTION = YES;
				GCC_WARN_UNUSED_VARIABLE = YES;
				IPHONEOS_DEPLOYMENT_TARGET = 16.2;
				MTL_ENABLE_DEBUG_INFO = NO;
				MTL_FAST_MATH = YES;
				SDKROOT = iphoneos;
				SWIFT_COMPILATION_MODE = wholemodule;
				SWIFT_OPTIMIZATION_LEVEL = "-O";
				VALIDATE_PRODUCT = YES;
			};
			name = Release;
		};
		03F803F029B4188300A11649 /* Debug */ = {
			isa = XCBuildConfiguration;
			buildSettings = {
				ASSETCATALOG_COMPILER_APPICON_NAME = AppIcon;
				ASSETCATALOG_COMPILER_GLOBAL_ACCENT_COLOR_NAME = AccentColor;
				CODE_SIGN_STYLE = Automatic;
				CURRENT_PROJECT_VERSION = 1;
				DEVELOPMENT_TEAM = JXB325NZCP;
				GENERATE_INFOPLIST_FILE = YES;
				INFOPLIST_FILE = Flixster/Info.plist;
				INFOPLIST_KEY_UIApplicationSupportsIndirectInputEvents = YES;
				INFOPLIST_KEY_UILaunchStoryboardName = LaunchScreen;
				INFOPLIST_KEY_UIMainStoryboardFile = Main;
				INFOPLIST_KEY_UISupportedInterfaceOrientations_iPad = "UIInterfaceOrientationPortrait UIInterfaceOrientationPortraitUpsideDown UIInterfaceOrientationLandscapeLeft UIInterfaceOrientationLandscapeRight";
				INFOPLIST_KEY_UISupportedInterfaceOrientations_iPhone = "UIInterfaceOrientationPortrait UIInterfaceOrientationLandscapeLeft UIInterfaceOrientationLandscapeRight";
				LD_RUNPATH_SEARCH_PATHS = (
					"$(inherited)",
					"@executable_path/Frameworks",
				);
				MARKETING_VERSION = 1.0;
				PRODUCT_BUNDLE_IDENTIFIER = Mabdilah.Flixster;
				PRODUCT_NAME = "$(TARGET_NAME)";
				SWIFT_EMIT_LOC_STRINGS = YES;
				SWIFT_VERSION = 5.0;
				TARGETED_DEVICE_FAMILY = "1,2";
			};
			name = Debug;
		};
		03F803F129B4188300A11649 /* Release */ = {
			isa = XCBuildConfiguration;
			buildSettings = {
				ASSETCATALOG_COMPILER_APPICON_NAME = AppIcon;
				ASSETCATALOG_COMPILER_GLOBAL_ACCENT_COLOR_NAME = AccentColor;
				CODE_SIGN_STYLE = Automatic;
				CURRENT_PROJECT_VERSION = 1;
				DEVELOPMENT_TEAM = JXB325NZCP;
				GENERATE_INFOPLIST_FILE = YES;
				INFOPLIST_FILE = Flixster/Info.plist;
				INFOPLIST_KEY_UIApplicationSupportsIndirectInputEvents = YES;
				INFOPLIST_KEY_UILaunchStoryboardName = LaunchScreen;
				INFOPLIST_KEY_UIMainStoryboardFile = Main;
				INFOPLIST_KEY_UISupportedInterfaceOrientations_iPad = "UIInterfaceOrientationPortrait UIInterfaceOrientationPortraitUpsideDown UIInterfaceOrientationLandscapeLeft UIInterfaceOrientationLandscapeRight";
				INFOPLIST_KEY_UISupportedInterfaceOrientations_iPhone = "UIInterfaceOrientationPortrait UIInterfaceOrientationLandscapeLeft UIInterfaceOrientationLandscapeRight";
				LD_RUNPATH_SEARCH_PATHS = (
					"$(inherited)",
					"@executable_path/Frameworks",
				);
				MARKETING_VERSION = 1.0;
				PRODUCT_BUNDLE_IDENTIFIER = Mabdilah.Flixster;
				PRODUCT_NAME = "$(TARGET_NAME)";
				SWIFT_EMIT_LOC_STRINGS = YES;
				SWIFT_VERSION = 5.0;
				TARGETED_DEVICE_FAMILY = "1,2";
			};
			name = Release;
		};
/* End XCBuildConfiguration section */

/* Begin XCConfigurationList section */
		03F803D629B4188200A11649 /* Build configuration list for PBXProject "Flixster" */ = {
			isa = XCConfigurationList;
			buildConfigurations = (
				03F803ED29B4188300A11649 /* Debug */,
				03F803EE29B4188300A11649 /* Release */,
			);
			defaultConfigurationIsVisible = 0;
			defaultConfigurationName = Release;
		};
		03F803EF29B4188300A11649 /* Build configuration list for PBXNativeTarget "Flixster" */ = {
			isa = XCConfigurationList;
			buildConfigurations = (
				03F803F029B4188300A11649 /* Debug */,
				03F803F129B4188300A11649 /* Release */,
			);
			defaultConfigurationIsVisible = 0;
			defaultConfigurationName = Release;
		};
/* End XCConfigurationList section */

/* Begin XCRemoteSwiftPackageReference section */
		03AEC99329B4463F0089ED8A /* XCRemoteSwiftPackageReference "Nuke" */ = {
			isa = XCRemoteSwiftPackageReference;
			repositoryURL = "https://github.com/kean/Nuke.git";
			requirement = {
				kind = upToNextMajorVersion;
				minimumVersion = 9.0.0;
			};
		};
/* End XCRemoteSwiftPackageReference section */

/* Begin XCSwiftPackageProductDependency section */
		03AEC99429B4463F0089ED8A /* Nuke */ = {
			isa = XCSwiftPackageProductDependency;
			package = 03AEC99329B4463F0089ED8A /* XCRemoteSwiftPackageReference "Nuke" */;
			productName = Nuke;
		};
/* End XCSwiftPackageProductDependency section */
	};
	rootObject = 03F803D329B4188200A11649 /* Project object */;
}
